
Microsoft Visual Studio Solution File, Format Version 12.00
# Visual Studio Version 17
VisualStudioVersion = 17.1.32328.378
MinimumVisualStudioVersion = 10.0.40219.1
Project("{FAE04EC0-301F-11D3-BF4B-00C04F79EFBC}") = "Triangle", "Triangle\Triangle.csproj", "{FABC1443-C9D0-4C0D-9A8F-069B291CFC90}"
EndProject
Global
	GlobalSection(SolutionConfigurationPlatforms) = preSolution
		Debug|Any CPU = Debug|Any CPU
		Release|Any CPU = Release|Any CPU
	EndGlobalSection
	GlobalSection(ProjectConfigurationPlatforms) = postSolution
		{FABC1443-C9D0-4C0D-9A8F-069B291CFC90}.Debug|Any CPU.ActiveCfg = Debug|Any CPU
		{FABC1443-C9D0-4C0D-9A8F-069B291CFC90}.Debug|Any CPU.Build.0 = Debug|Any CPU
		{FABC1443-C9D0-4C0D-9A8F-069B291CFC90}.Release|Any CPU.ActiveCfg = Release|Any CPU
		{FABC1443-C9D0-4C0D-9A8F-069B291CFC90}.Release|Any CPU.Build.0 = Release|Any CPU
	EndGlobalSection
	GlobalSection(SolutionProperties) = preSolution
		HideSolutionNode = FALSE
	EndGlobalSection
	GlobalSection(ExtensibilityGlobals) = postSolution
		SolutionGuid = {0CB3FA4D-C4B4-4B9E-967C-66820058170F}
	EndGlobalSection
EndGlobal
